
Microsoft Visual Studio Solution File, Format Version 12.00
# Visual Studio Version 17
VisualStudioVersion = 17.2.32616.157
MinimumVisualStudioVersion = 10.0.40219.1
Project("{9A19103F-16F7-4668-BE54-9A1E7A4F7556}") = "AOEStatsApp", "AOEStatsApp.csproj", "{8E8217B0-8C28-4AD9-ADA6-8304DA9FDD51}"
EndProject
Project("{9A19103F-16F7-4668-BE54-9A1E7A4F7556}") = "Domain", "..\Domain\Domain.csproj", "{9E7342A4-D2FE-4DE2-A4FD-6A9093FE329F}"
EndProject
Project("{9A19103F-16F7-4668-BE54-9A1E7A4F7556}") = "DataContext", "..\DataContext\DataContext.csproj", "{97241EB6-CCA0-431D-8D9B-784CE8E0FA86}"
EndProject
Global
	GlobalSection(SolutionConfigurationPlatforms) = preSolution
		Debug|Any CPU = Debug|Any CPU
		Release|Any CPU = Release|Any CPU
	EndGlobalSection
	GlobalSection(ProjectConfigurationPlatforms) = postSolution
		{8E8217B0-8C28-4AD9-ADA6-8304DA9FDD51}.Debug|Any CPU.ActiveCfg = Debug|Any CPU
		{8E8217B0-8C28-4AD9-ADA6-8304DA9FDD51}.Debug|Any CPU.Build.0 = Debug|Any CPU
		{8E8217B0-8C28-4AD9-ADA6-8304DA9FDD51}.Release|Any CPU.ActiveCfg = Release|Any CPU
		{8E8217B0-8C28-4AD9-ADA6-8304DA9FDD51}.Release|Any CPU.Build.0 = Release|Any CPU
		{9E7342A4-D2FE-4DE2-A4FD-6A9093FE329F}.Debug|Any CPU.ActiveCfg = Debug|Any CPU
		{9E7342A4-D2FE-4DE2-A4FD-6A9093FE329F}.Debug|Any CPU.Build.0 = Debug|Any CPU
		{9E7342A4-D2FE-4DE2-A4FD-6A9093FE329F}.Release|Any CPU.ActiveCfg = Release|Any CPU
		{9E7342A4-D2FE-4DE2-A4FD-6A9093FE329F}.Release|Any CPU.Build.0 = Release|Any CPU
		{97241EB6-CCA0-431D-8D9B-784CE8E0FA86}.Debug|Any CPU.ActiveCfg = Debug|Any CPU
		{97241EB6-CCA0-431D-8D9B-784CE8E0FA86}.Debug|Any CPU.Build.0 = Debug|Any CPU
		{97241EB6-CCA0-431D-8D9B-784CE8E0FA86}.Release|Any CPU.ActiveCfg = Release|Any CPU
		{97241EB6-CCA0-431D-8D9B-784CE8E0FA86}.Release|Any CPU.Build.0 = Release|Any CPU
	EndGlobalSection
	GlobalSection(SolutionProperties) = preSolution
		HideSolutionNode = FALSE
	EndGlobalSection
	GlobalSection(ExtensibilityGlobals) = postSolution
		SolutionGuid = {51EA22D1-1DB8-43AE-9E2E-5A4546BF3E47}
	EndGlobalSection
EndGlobal
